# DO NOT EDIT MANUALLY - Managed by Fern Replay
version: "1.0"
generations:
  - commit_sha: 31e9cf381301cb8c5ebd112a72394ebc59a2aaf0
    tree_hash: 77d48608365a4c68dddf8d438a73ab5b3e41e005
    timestamp: 2026-10-02T19:15:43.375Z
    cli_version: unknown
    generator_versions: {}
  - commit_sha: 3b0df076454d9e8a4933708a9b669d398f0eeb8d
    tree_hash: ec7dd7c73b6b1e2f74998460887d7093765b1517
    timestamp: 2026-10-02T19:15:43.747Z
    cli_version: unknown
    generator_versions:
      fernapi/fern-typescript-node-sdk: 3.53.13
current_generation: 3b0df076454d9e8a4933708a9b669d398f0eeb8d
patches: []
