# DO NOT EDIT MANUALLY - Managed by Fern Replay
version: "1.0"
generations:
  - commit_sha: 31e9cf381301cb8c5ebd112a72394ebc59a2aaf0
    tree_hash: 77d48608365a4c68dddf8d438a73ab5b3e41e005
    timestamp: 2026-09-09T19:28:33.326Z
    cli_version: unknown
    generator_versions: {}
  - commit_sha: 673c221598c5f9b665474b09105d8f6c4c01f823
    tree_hash: d4d5d9d3e6f2b1fe7d4d7f4fc91ff4b80d82dcfc
    timestamp: 2026-09-09T19:28:33.616Z
    cli_version: unknown
    generator_versions:
      fernapi/fern-typescript-node-sdk: 3.53.13
current_generation: 673c221598c5f9b665474b09105d8f6c4c01f823
patches: []
