# DO NOT EDIT MANUALLY - Managed by Fern Replay
version: "1.0"
generations:
  - commit_sha: 31e9cf381301cb8c5ebd112a72394ebc59a2aaf0
    tree_hash: 77d48608365a4c68dddf8d438a73ab5b3e41e005
    timestamp: 2026-09-17T22:58:02.759Z
    cli_version: unknown
    generator_versions: {}
  - commit_sha: 04fa139ba0947d007a3d819e1835fce59fb8f0a5
    tree_hash: 103b52f501e2e1316d435e3d900887358fe85051
    timestamp: 2026-09-17T22:58:03.062Z
    cli_version: unknown
    generator_versions:
      fernapi/fern-typescript-node-sdk: 3.53.13
current_generation: 04fa139ba0947d007a3d819e1835fce59fb8f0a5
patches: []
